
Microsoft Visual Studio Solution File, Format Version 12.00
# Visual Studio Version 16
VisualStudioVersion = 16.0.29403.142
MinimumVisualStudioVersion = 10.0.40219.1
Project("{2150E333-8FDC-42A3-9474-1A3956D46DE8}") = "src", "src", "{DCE4D107-291A-4B8B-99DE-98005A1CBCC3}"
EndProject
Project("{9A19103F-16F7-4668-BE54-9A1E7A4F7556}") = "AuthApi.Domain", "src\AuthApi.Domain\AuthApi.Domain.csproj", "{6880A2C8-B99B-443A-BE96-A5CFE5AEDFE4}"
EndProject
Project("{2150E333-8FDC-42A3-9474-1A3956D46DE8}") = "tests", "tests", "{65C0BABF-EF4C-4860-9F7B-85799DB70DFA}"
EndProject
Project("{9A19103F-16F7-4668-BE54-9A1E7A4F7556}") = "AuthApi.Data", "src\AuthApi.Data\AuthApi.Data.csproj", "{1019D7DF-E24C-46A8-96D9-609CD3E5A1CF}"
EndProject
Project("{9A19103F-16F7-4668-BE54-9A1E7A4F7556}") = "AuthApi.WebApi", "src\AuthApi.WebApi\AuthApi.WebApi.csproj", "{BCFD4ADC-5CB7-4047-B446-C39E22AF709B}"
EndProject
Project("{9A19103F-16F7-4668-BE54-9A1E7A4F7556}") = "AuthApi.Application", "src\AuthApi.Application\AuthApi.Application.csproj", "{270A5BD5-4957-4BE0-BC36-184B37D73AAD}"
EndProject
Project("{FAE04EC0-301F-11D3-BF4B-00C04F79EFBC}") = "AuthApi.Tests", "tests\AuthApi.Tests\AuthApi.Tests.csproj", "{28FACBA8-4523-4DCD-B19B-C25E33E8535B}"
EndProject
Global
	GlobalSection(SolutionConfigurationPlatforms) = preSolution
		Debug|Any CPU = Debug|Any CPU
		Release|Any CPU = Release|Any CPU
	EndGlobalSection
	GlobalSection(ProjectConfigurationPlatforms) = postSolution
		{6880A2C8-B99B-443A-BE96-A5CFE5AEDFE4}.Debug|Any CPU.ActiveCfg = Debug|Any CPU
		{6880A2C8-B99B-443A-BE96-A5CFE5AEDFE4}.Debug|Any CPU.Build.0 = Debug|Any CPU
		{6880A2C8-B99B-443A-BE96-A5CFE5AEDFE4}.Release|Any CPU.ActiveCfg = Release|Any CPU
		{6880A2C8-B99B-443A-BE96-A5CFE5AEDFE4}.Release|Any CPU.Build.0 = Release|Any CPU
		{1019D7DF-E24C-46A8-96D9-609CD3E5A1CF}.Debug|Any CPU.ActiveCfg = Debug|Any CPU
		{1019D7DF-E24C-46A8-96D9-609CD3E5A1CF}.Debug|Any CPU.Build.0 = Debug|Any CPU
		{1019D7DF-E24C-46A8-96D9-609CD3E5A1CF}.Release|Any CPU.ActiveCfg = Release|Any CPU
		{1019D7DF-E24C-46A8-96D9-609CD3E5A1CF}.Release|Any CPU.Build.0 = Release|Any CPU
		{BCFD4ADC-5CB7-4047-B446-C39E22AF709B}.Debug|Any CPU.ActiveCfg = Debug|Any CPU
		{BCFD4ADC-5CB7-4047-B446-C39E22AF709B}.Debug|Any CPU.Build.0 = Debug|Any CPU
		{BCFD4ADC-5CB7-4047-B446-C39E22AF709B}.Release|Any CPU.ActiveCfg = Release|Any CPU
		{BCFD4ADC-5CB7-4047-B446-C39E22AF709B}.Release|Any CPU.Build.0 = Release|Any CPU
		{270A5BD5-4957-4BE0-BC36-184B37D73AAD}.Debug|Any CPU.ActiveCfg = Debug|Any CPU
		{270A5BD5-4957-4BE0-BC36-184B37D73AAD}.Debug|Any CPU.Build.0 = Debug|Any CPU
		{270A5BD5-4957-4BE0-BC36-184B37D73AAD}.Release|Any CPU.ActiveCfg = Release|Any CPU
		{270A5BD5-4957-4BE0-BC36-184B37D73AAD}.Release|Any CPU.Build.0 = Release|Any CPU
		{28FACBA8-4523-4DCD-B19B-C25E33E8535B}.Debug|Any CPU.ActiveCfg = Debug|Any CPU
		{28FACBA8-4523-4DCD-B19B-C25E33E8535B}.Debug|Any CPU.Build.0 = Debug|Any CPU
		{28FACBA8-4523-4DCD-B19B-C25E33E8535B}.Release|Any CPU.ActiveCfg = Release|Any CPU
		{28FACBA8-4523-4DCD-B19B-C25E33E8535B}.Release|Any CPU.Build.0 = Release|Any CPU
	EndGlobalSection
	GlobalSection(SolutionProperties) = preSolution
		HideSolutionNode = FALSE
	EndGlobalSection
	GlobalSection(NestedProjects) = preSolution
		{6880A2C8-B99B-443A-BE96-A5CFE5AEDFE4} = {DCE4D107-291A-4B8B-99DE-98005A1CBCC3}
		{1019D7DF-E24C-46A8-96D9-609CD3E5A1CF} = {DCE4D107-291A-4B8B-99DE-98005A1CBCC3}
		{BCFD4ADC-5CB7-4047-B446-C39E22AF709B} = {DCE4D107-291A-4B8B-99DE-98005A1CBCC3}
		{270A5BD5-4957-4BE0-BC36-184B37D73AAD} = {DCE4D107-291A-4B8B-99DE-98005A1CBCC3}
		{28FACBA8-4523-4DCD-B19B-C25E33E8535B} = {65C0BABF-EF4C-4860-9F7B-85799DB70DFA}
	EndGlobalSection
	GlobalSection(ExtensibilityGlobals) = postSolution
		SolutionGuid = {668810A9-5C47-42E4-8399-80FAF0EA1B5C}
	EndGlobalSection
EndGlobal
