
Microsoft Visual Studio Solution File, Format Version 12.00
# Visual Studio Version 16
VisualStudioVersion = 16.0.29403.142
MinimumVisualStudioVersion = 10.0.40219.1
Project("{2150E333-8FDC-42A3-9474-1A3956D46DE8}") = "src", "src", "{DCE4D107-291A-4B8B-99DE-98005A1CBCC3}"
EndProject
Project("{FAE04EC0-301F-11D3-BF4B-00C04F79EFBC}") = "AuthApi.Domain", "src\AuthApi.Domain\AuthApi.Domain.csproj", "{6880A2C8-B99B-443A-BE96-A5CFE5AEDFE4}"
EndProject
Global
	GlobalSection(SolutionConfigurationPlatforms) = preSolution
		Debug|Any CPU = Debug|Any CPU
		Release|Any CPU = Release|Any CPU
	EndGlobalSection
	GlobalSection(ProjectConfigurationPlatforms) = postSolution
		{6880A2C8-B99B-443A-BE96-A5CFE5AEDFE4}.Debug|Any CPU.ActiveCfg = Debug|Any CPU
		{6880A2C8-B99B-443A-BE96-A5CFE5AEDFE4}.Debug|Any CPU.Build.0 = Debug|Any CPU
		{6880A2C8-B99B-443A-BE96-A5CFE5AEDFE4}.Release|Any CPU.ActiveCfg = Release|Any CPU
		{6880A2C8-B99B-443A-BE96-A5CFE5AEDFE4}.Release|Any CPU.Build.0 = Release|Any CPU
	EndGlobalSection
	GlobalSection(SolutionProperties) = preSolution
		HideSolutionNode = FALSE
	EndGlobalSection
	GlobalSection(NestedProjects) = preSolution
		{6880A2C8-B99B-443A-BE96-A5CFE5AEDFE4} = {DCE4D107-291A-4B8B-99DE-98005A1CBCC3}
	EndGlobalSection
	GlobalSection(ExtensibilityGlobals) = postSolution
		SolutionGuid = {668810A9-5C47-42E4-8399-80FAF0EA1B5C}
	EndGlobalSection
EndGlobal
